<Solution>
  <Configurations>
    <BuildType Name="Debug" />
    <BuildType Name="Release" />
    <Platform Name="Any CPU" />
    <Platform Name="arm64" />
    <Platform Name="x86" />
  </Configurations>
  <Project Path="CodingWithCalvin.ProjectRenamifier/CodingWithCalvin.ProjectRenamifier.csproj" />
</Solution>
